
Microsoft Visual Studio Solution File, Format Version 12.00
# Visual Studio Version 16
VisualStudioVersion = 16.0.30114.105
MinimumVisualStudioVersion = 10.0.40219.1
Project("{9A19103F-16F7-4668-BE54-9A1E7A4F7556}") = "HaikanSmartTownCockpit.Api", "HaikanSmartTownCockpit.Api\HaikanSmartTownCockpit.Api.csproj", "{69B10D78-60B6-433C-8981-4456C65B670F}"
EndProject
Global
	GlobalSection(SolutionConfigurationPlatforms) = preSolution
		Debug|Any CPU = Debug|Any CPU
		Release|Any CPU = Release|Any CPU
	EndGlobalSection
	GlobalSection(ProjectConfigurationPlatforms) = postSolution
		{69B10D78-60B6-433C-8981-4456C65B670F}.Debug|Any CPU.ActiveCfg = Debug|Any CPU
		{69B10D78-60B6-433C-8981-4456C65B670F}.Debug|Any CPU.Build.0 = Debug|Any CPU
		{69B10D78-60B6-433C-8981-4456C65B670F}.Release|Any CPU.ActiveCfg = Release|Any CPU
		{69B10D78-60B6-433C-8981-4456C65B670F}.Release|Any CPU.Build.0 = Release|Any CPU
	EndGlobalSection
	GlobalSection(SolutionProperties) = preSolution
		HideSolutionNode = FALSE
	EndGlobalSection
	GlobalSection(ExtensibilityGlobals) = postSolution
		SolutionGuid = {5DD49082-0D8F-40F5-91C7-2724E0A95067}
	EndGlobalSection
EndGlobal
