
Microsoft Visual Studio Solution File, Format Version 12.00
# Visual Studio Version 16
VisualStudioVersion = 16.0.29230.47
MinimumVisualStudioVersion = 10.0.40219.1
Project("{FAE04EC0-301F-11D3-BF4B-00C04F79EFBC}") = "HaikanSmartTownCockpit.WatchDog", "HaikanSmartTownCockpit.WatchDog\HaikanSmartTownCockpit.WatchDog.csproj", "{EA3840A0-CDED-4D76-847A-E69D668A1EAA}"
EndProject
Project("{FAE04EC0-301F-11D3-BF4B-00C04F79EFBC}") = "Haikan.SmartTownCockpitCore", "Haikan.SmartTownCockpitCore\Haikan.SmartTownCockpitCore.csproj", "{60F74E9E-AD58-4E57-B71E-C9D293608DF2}"
EndProject
Global
	GlobalSection(SolutionConfigurationPlatforms) = preSolution
		Debug|Any CPU = Debug|Any CPU
		Debug|x64 = Debug|x64
		Release|Any CPU = Release|Any CPU
		Release|x64 = Release|x64
	EndGlobalSection
	GlobalSection(ProjectConfigurationPlatforms) = postSolution
		{EA3840A0-CDED-4D76-847A-E69D668A1EAA}.Debug|Any CPU.ActiveCfg = Debug|Any CPU
		{EA3840A0-CDED-4D76-847A-E69D668A1EAA}.Debug|Any CPU.Build.0 = Debug|Any CPU
		{EA3840A0-CDED-4D76-847A-E69D668A1EAA}.Debug|x64.ActiveCfg = Debug|Any CPU
		{EA3840A0-CDED-4D76-847A-E69D668A1EAA}.Debug|x64.Build.0 = Debug|Any CPU
		{EA3840A0-CDED-4D76-847A-E69D668A1EAA}.Release|Any CPU.ActiveCfg = Release|Any CPU
		{EA3840A0-CDED-4D76-847A-E69D668A1EAA}.Release|Any CPU.Build.0 = Release|Any CPU
		{EA3840A0-CDED-4D76-847A-E69D668A1EAA}.Release|x64.ActiveCfg = Release|Any CPU
		{EA3840A0-CDED-4D76-847A-E69D668A1EAA}.Release|x64.Build.0 = Release|Any CPU
		{60F74E9E-AD58-4E57-B71E-C9D293608DF2}.Debug|Any CPU.ActiveCfg = Debug|Any CPU
		{60F74E9E-AD58-4E57-B71E-C9D293608DF2}.Debug|Any CPU.Build.0 = Debug|Any CPU
		{60F74E9E-AD58-4E57-B71E-C9D293608DF2}.Debug|x64.ActiveCfg = Debug|Any CPU
		{60F74E9E-AD58-4E57-B71E-C9D293608DF2}.Debug|x64.Build.0 = Debug|Any CPU
		{60F74E9E-AD58-4E57-B71E-C9D293608DF2}.Release|Any CPU.ActiveCfg = Release|Any CPU
		{60F74E9E-AD58-4E57-B71E-C9D293608DF2}.Release|Any CPU.Build.0 = Release|Any CPU
		{60F74E9E-AD58-4E57-B71E-C9D293608DF2}.Release|x64.ActiveCfg = Release|Any CPU
		{60F74E9E-AD58-4E57-B71E-C9D293608DF2}.Release|x64.Build.0 = Release|Any CPU
	EndGlobalSection
	GlobalSection(SolutionProperties) = preSolution
		HideSolutionNode = FALSE
	EndGlobalSection
	GlobalSection(ExtensibilityGlobals) = postSolution
		SolutionGuid = {1D9702DB-3973-41A9-8660-CBEF6AAF8435}
	EndGlobalSection
EndGlobal
